
Microsoft Visual Studio Solution File, Format Version 12.00
# Visual Studio Version 16
VisualStudioVersion = 16.0.30611.23
MinimumVisualStudioVersion = 10.0.40219.1
Project("{9A19103F-16F7-4668-BE54-9A1E7A4F7556}") = "Pleiad", "Pleiad\Pleiad.csproj", "{0F461A15-C2B7-47DA-B673-9FE1A438C99A}"
EndProject
Project("{9A19103F-16F7-4668-BE54-9A1E7A4F7556}") = "PleiadEntities", "PleiadEntities\PleiadEntities.csproj", "{655F2891-4730-4A05-A64D-217C6C9CCCC7}"
EndProject
Project("{9A19103F-16F7-4668-BE54-9A1E7A4F7556}") = "PleiadExtensions", "PleiadExtensions\PleiadExtensions.csproj", "{FB5B0090-EA5A-4D61-8DF7-1208E2F63922}"
EndProject
Project("{9A19103F-16F7-4668-BE54-9A1E7A4F7556}") = "PleiadMisc", "PleiadMisc\PleiadMisc.csproj", "{F8BC0178-08DA-4223-BB20-ABFFC017BCAD}"
EndProject
Project("{9A19103F-16F7-4668-BE54-9A1E7A4F7556}") = "PleiadSystems", "PleiadSystems\PleiadSystems.csproj", "{5BA37964-FF33-4358-8937-1C6B3D4BBCAB}"
EndProject
Project("{9A19103F-16F7-4668-BE54-9A1E7A4F7556}") = "PleiadWorld", "PleiadWorld\PleiadWorld.csproj", "{C73E622A-3B4F-4EAD-BC99-AB303E88B910}"
EndProject
Project("{9A19103F-16F7-4668-BE54-9A1E7A4F7556}") = "PleiadTasks", "PleiadTasks\PleiadTasks.csproj", "{BA42782F-1699-4B84-ADDA-1D051AFF274B}"
EndProject
Project("{9A19103F-16F7-4668-BE54-9A1E7A4F7556}") = "PleiadInput", "PleiadInput\PleiadInput.csproj", "{33E5D97E-2752-466A-A596-EF6486538F28}"
EndProject
Project("{9A19103F-16F7-4668-BE54-9A1E7A4F7556}") = "PleiadRender", "PleiadRender\PleiadRender.csproj", "{221B1AC2-B9A5-4F53-8E52-5623C7063494}"
EndProject
Project("{2150E333-8FDC-42A3-9474-1A3956D46DE8}") = "Solution Items", "Solution Items", "{56FF792A-8B73-4DC7-8D45-AFC5D6041540}"
	ProjectSection(SolutionItems) = preProject
		.editorconfig = .editorconfig
	EndProjectSection
EndProject
Global
	GlobalSection(SolutionConfigurationPlatforms) = preSolution
		Debug|Any CPU = Debug|Any CPU
		Debug|x64 = Debug|x64
		Release|Any CPU = Release|Any CPU
		Release|x64 = Release|x64
	EndGlobalSection
	GlobalSection(ProjectConfigurationPlatforms) = postSolution
		{0F461A15-C2B7-47DA-B673-9FE1A438C99A}.Debug|Any CPU.ActiveCfg = Debug|Any CPU
		{0F461A15-C2B7-47DA-B673-9FE1A438C99A}.Debug|Any CPU.Build.0 = Debug|Any CPU
		{0F461A15-C2B7-47DA-B673-9FE1A438C99A}.Debug|x64.ActiveCfg = Debug|x64
		{0F461A15-C2B7-47DA-B673-9FE1A438C99A}.Debug|x64.Build.0 = Debug|x64
		{0F461A15-C2B7-47DA-B673-9FE1A438C99A}.Release|Any CPU.ActiveCfg = Release|Any CPU
		{0F461A15-C2B7-47DA-B673-9FE1A438C99A}.Release|Any CPU.Build.0 = Release|Any CPU
		{0F461A15-C2B7-47DA-B673-9FE1A438C99A}.Release|x64.ActiveCfg = Release|x64
		{0F461A15-C2B7-47DA-B673-9FE1A438C99A}.Release|x64.Build.0 = Release|x64
		{655F2891-4730-4A05-A64D-217C6C9CCCC7}.Debug|Any CPU.ActiveCfg = Debug|Any CPU
		{655F2891-4730-4A05-A64D-217C6C9CCCC7}.Debug|Any CPU.Build.0 = Debug|Any CPU
		{655F2891-4730-4A05-A64D-217C6C9CCCC7}.Debug|x64.ActiveCfg = Debug|x64
		{655F2891-4730-4A05-A64D-217C6C9CCCC7}.Debug|x64.Build.0 = Debug|x64
		{655F2891-4730-4A05-A64D-217C6C9CCCC7}.Release|Any CPU.ActiveCfg = Release|Any CPU
		{655F2891-4730-4A05-A64D-217C6C9CCCC7}.Release|Any CPU.Build.0 = Release|Any CPU
		{655F2891-4730-4A05-A64D-217C6C9CCCC7}.Release|x64.ActiveCfg = Release|x64
		{655F2891-4730-4A05-A64D-217C6C9CCCC7}.Release|x64.Build.0 = Release|x64
		{FB5B0090-EA5A-4D61-8DF7-1208E2F63922}.Debug|Any CPU.ActiveCfg = Debug|Any CPU
		{FB5B0090-EA5A-4D61-8DF7-1208E2F63922}.Debug|Any CPU.Build.0 = Debug|Any CPU
		{FB5B0090-EA5A-4D61-8DF7-1208E2F63922}.Debug|x64.ActiveCfg = Debug|x64
		{FB5B0090-EA5A-4D61-8DF7-1208E2F63922}.Debug|x64.Build.0 = Debug|x64
		{FB5B0090-EA5A-4D61-8DF7-1208E2F63922}.Release|Any CPU.ActiveCfg = Release|Any CPU
		{FB5B0090-EA5A-4D61-8DF7-1208E2F63922}.Release|Any CPU.Build.0 = Release|Any CPU
		{FB5B0090-EA5A-4D61-8DF7-1208E2F63922}.Release|x64.ActiveCfg = Release|x64
		{FB5B0090-EA5A-4D61-8DF7-1208E2F63922}.Release|x64.Build.0 = Release|x64
		{F8BC0178-08DA-4223-BB20-ABFFC017BCAD}.Debug|Any CPU.ActiveCfg = Debug|Any CPU
		{F8BC0178-08DA-4223-BB20-ABFFC017BCAD}.Debug|Any CPU.Build.0 = Debug|Any CPU
		{F8BC0178-08DA-4223-BB20-ABFFC017BCAD}.Debug|x64.ActiveCfg = Debug|x64
		{F8BC0178-08DA-4223-BB20-ABFFC017BCAD}.Debug|x64.Build.0 = Debug|x64
		{F8BC0178-08DA-4223-BB20-ABFFC017BCAD}.Release|Any CPU.ActiveCfg = Release|Any CPU
		{F8BC0178-08DA-4223-BB20-ABFFC017BCAD}.Release|Any CPU.Build.0 = Release|Any CPU
		{F8BC0178-08DA-4223-BB20-ABFFC017BCAD}.Release|x64.ActiveCfg = Release|x64
		{F8BC0178-08DA-4223-BB20-ABFFC017BCAD}.Release|x64.Build.0 = Release|x64
		{5BA37964-FF33-4358-8937-1C6B3D4BBCAB}.Debug|Any CPU.ActiveCfg = Debug|Any CPU
		{5BA37964-FF33-4358-8937-1C6B3D4BBCAB}.Debug|Any CPU.Build.0 = Debug|Any CPU
		{5BA37964-FF33-4358-8937-1C6B3D4BBCAB}.Debug|x64.ActiveCfg = Debug|x64
		{5BA37964-FF33-4358-8937-1C6B3D4BBCAB}.Debug|x64.Build.0 = Debug|x64
		{5BA37964-FF33-4358-8937-1C6B3D4BBCAB}.Release|Any CPU.ActiveCfg = Release|Any CPU
		{5BA37964-FF33-4358-8937-1C6B3D4BBCAB}.Release|Any CPU.Build.0 = Release|Any CPU
		{5BA37964-FF33-4358-8937-1C6B3D4BBCAB}.Release|x64.ActiveCfg = Release|x64
		{5BA37964-FF33-4358-8937-1C6B3D4BBCAB}.Release|x64.Build.0 = Release|x64
		{C73E622A-3B4F-4EAD-BC99-AB303E88B910}.Debug|Any CPU.ActiveCfg = Debug|Any CPU
		{C73E622A-3B4F-4EAD-BC99-AB303E88B910}.Debug|Any CPU.Build.0 = Debug|Any CPU
		{C73E622A-3B4F-4EAD-BC99-AB303E88B910}.Debug|x64.ActiveCfg = Debug|x64
		{C73E622A-3B4F-4EAD-BC99-AB303E88B910}.Debug|x64.Build.0 = Debug|x64
		{C73E622A-3B4F-4EAD-BC99-AB303E88B910}.Release|Any CPU.ActiveCfg = Release|Any CPU
		{C73E622A-3B4F-4EAD-BC99-AB303E88B910}.Release|Any CPU.Build.0 = Release|Any CPU
		{C73E622A-3B4F-4EAD-BC99-AB303E88B910}.Release|x64.ActiveCfg = Release|x64
		{C73E622A-3B4F-4EAD-BC99-AB303E88B910}.Release|x64.Build.0 = Release|x64
		{BA42782F-1699-4B84-ADDA-1D051AFF274B}.Debug|Any CPU.ActiveCfg = Debug|Any CPU
		{BA42782F-1699-4B84-ADDA-1D051AFF274B}.Debug|Any CPU.Build.0 = Debug|Any CPU
		{BA42782F-1699-4B84-ADDA-1D051AFF274B}.Debug|x64.ActiveCfg = Debug|x64
		{BA42782F-1699-4B84-ADDA-1D051AFF274B}.Debug|x64.Build.0 = Debug|x64
		{BA42782F-1699-4B84-ADDA-1D051AFF274B}.Release|Any CPU.ActiveCfg = Release|Any CPU
		{BA42782F-1699-4B84-ADDA-1D051AFF274B}.Release|Any CPU.Build.0 = Release|Any CPU
		{BA42782F-1699-4B84-ADDA-1D051AFF274B}.Release|x64.ActiveCfg = Release|x64
		{BA42782F-1699-4B84-ADDA-1D051AFF274B}.Release|x64.Build.0 = Release|x64
		{33E5D97E-2752-466A-A596-EF6486538F28}.Debug|Any CPU.ActiveCfg = Debug|Any CPU
		{33E5D97E-2752-466A-A596-EF6486538F28}.Debug|Any CPU.Build.0 = Debug|Any CPU
		{33E5D97E-2752-466A-A596-EF6486538F28}.Debug|x64.ActiveCfg = Debug|x64
		{33E5D97E-2752-466A-A596-EF6486538F28}.Debug|x64.Build.0 = Debug|x64
		{33E5D97E-2752-466A-A596-EF6486538F28}.Release|Any CPU.ActiveCfg = Release|Any CPU
		{33E5D97E-2752-466A-A596-EF6486538F28}.Release|Any CPU.Build.0 = Release|Any CPU
		{33E5D97E-2752-466A-A596-EF6486538F28}.Release|x64.ActiveCfg = Release|x64
		{33E5D97E-2752-466A-A596-EF6486538F28}.Release|x64.Build.0 = Release|x64
		{221B1AC2-B9A5-4F53-8E52-5623C7063494}.Debug|Any CPU.ActiveCfg = Debug|Any CPU
		{221B1AC2-B9A5-4F53-8E52-5623C7063494}.Debug|Any CPU.Build.0 = Debug|Any CPU
		{221B1AC2-B9A5-4F53-8E52-5623C7063494}.Debug|x64.ActiveCfg = Debug|x64
		{221B1AC2-B9A5-4F53-8E52-5623C7063494}.Debug|x64.Build.0 = Debug|x64
		{221B1AC2-B9A5-4F53-8E52-5623C7063494}.Release|Any CPU.ActiveCfg = Release|Any CPU
		{221B1AC2-B9A5-4F53-8E52-5623C7063494}.Release|Any CPU.Build.0 = Release|Any CPU
		{221B1AC2-B9A5-4F53-8E52-5623C7063494}.Release|x64.ActiveCfg = Release|x64
		{221B1AC2-B9A5-4F53-8E52-5623C7063494}.Release|x64.Build.0 = Release|x64
	EndGlobalSection
	GlobalSection(SolutionProperties) = preSolution
		HideSolutionNode = FALSE
	EndGlobalSection
	GlobalSection(ExtensibilityGlobals) = postSolution
		SolutionGuid = {B40783B0-77AB-4A98-A1CD-0BB918537E65}
	EndGlobalSection
EndGlobal
