
Microsoft Visual Studio Solution File, Format Version 12.00
# Visual Studio Version 16
VisualStudioVersion = 16.0.30611.23
MinimumVisualStudioVersion = 10.0.40219.1
Project("{9A19103F-16F7-4668-BE54-9A1E7A4F7556}") = "Pleiad", "Pleiad\Pleiad.csproj", "{0F461A15-C2B7-47DA-B673-9FE1A438C99A}"
EndProject
Project("{9A19103F-16F7-4668-BE54-9A1E7A4F7556}") = "Pleiad.Entities", "Pleiad.Entities\Pleiad.Entities.csproj", "{655F2891-4730-4A05-A64D-217C6C9CCCC7}"
EndProject
Project("{9A19103F-16F7-4668-BE54-9A1E7A4F7556}") = "Pleiad.Extensions", "Pleiad.Extensions\Pleiad.Extensions.csproj", "{FB5B0090-EA5A-4D61-8DF7-1208E2F63922}"
EndProject
Project("{9A19103F-16F7-4668-BE54-9A1E7A4F7556}") = "Pleiad.Misc", "Pleiad.Misc\Pleiad.Misc.csproj", "{F8BC0178-08DA-4223-BB20-ABFFC017BCAD}"
EndProject
Project("{9A19103F-16F7-4668-BE54-9A1E7A4F7556}") = "Pleiad.Systems", "Pleiad.Systems\Pleiad.Systems.csproj", "{5BA37964-FF33-4358-8937-1C6B3D4BBCAB}"
EndProject
Project("{9A19103F-16F7-4668-BE54-9A1E7A4F7556}") = "Pleiad.Worlds", "Pleiad.Worlds\Pleiad.Worlds.csproj", "{C73E622A-3B4F-4EAD-BC99-AB303E88B910}"
EndProject
Project("{9A19103F-16F7-4668-BE54-9A1E7A4F7556}") = "Pleiad.Tasks", "Pleiad.Tasks\Pleiad.Tasks.csproj", "{BA42782F-1699-4B84-ADDA-1D051AFF274B}"
EndProject
Project("{9A19103F-16F7-4668-BE54-9A1E7A4F7556}") = "Pleiad.Input", "Pleiad.Input\Pleiad.Input.csproj", "{33E5D97E-2752-466A-A596-EF6486538F28}"
EndProject
Project("{FAE04EC0-301F-11D3-BF4B-00C04F79EFBC}") = "Pleiad.Render", "Pleiad.Render\Pleiad.Render.csproj", "{AC958C25-FBD7-49BF-A49F-6B94758E1281}"
EndProject
Global
	GlobalSection(SolutionConfigurationPlatforms) = preSolution
		Debug|Any CPU = Debug|Any CPU
		Release|Any CPU = Release|Any CPU
	EndGlobalSection
	GlobalSection(ProjectConfigurationPlatforms) = postSolution
		{0F461A15-C2B7-47DA-B673-9FE1A438C99A}.Debug|Any CPU.ActiveCfg = Debug|Any CPU
		{0F461A15-C2B7-47DA-B673-9FE1A438C99A}.Debug|Any CPU.Build.0 = Debug|Any CPU
		{0F461A15-C2B7-47DA-B673-9FE1A438C99A}.Release|Any CPU.ActiveCfg = Release|Any CPU
		{0F461A15-C2B7-47DA-B673-9FE1A438C99A}.Release|Any CPU.Build.0 = Release|Any CPU
		{655F2891-4730-4A05-A64D-217C6C9CCCC7}.Debug|Any CPU.ActiveCfg = Debug|Any CPU
		{655F2891-4730-4A05-A64D-217C6C9CCCC7}.Debug|Any CPU.Build.0 = Debug|Any CPU
		{655F2891-4730-4A05-A64D-217C6C9CCCC7}.Release|Any CPU.ActiveCfg = Release|Any CPU
		{655F2891-4730-4A05-A64D-217C6C9CCCC7}.Release|Any CPU.Build.0 = Release|Any CPU
		{FB5B0090-EA5A-4D61-8DF7-1208E2F63922}.Debug|Any CPU.ActiveCfg = Debug|Any CPU
		{FB5B0090-EA5A-4D61-8DF7-1208E2F63922}.Debug|Any CPU.Build.0 = Debug|Any CPU
		{FB5B0090-EA5A-4D61-8DF7-1208E2F63922}.Release|Any CPU.ActiveCfg = Release|Any CPU
		{FB5B0090-EA5A-4D61-8DF7-1208E2F63922}.Release|Any CPU.Build.0 = Release|Any CPU
		{F8BC0178-08DA-4223-BB20-ABFFC017BCAD}.Debug|Any CPU.ActiveCfg = Debug|Any CPU
		{F8BC0178-08DA-4223-BB20-ABFFC017BCAD}.Debug|Any CPU.Build.0 = Debug|Any CPU
		{F8BC0178-08DA-4223-BB20-ABFFC017BCAD}.Release|Any CPU.ActiveCfg = Release|Any CPU
		{F8BC0178-08DA-4223-BB20-ABFFC017BCAD}.Release|Any CPU.Build.0 = Release|Any CPU
		{5BA37964-FF33-4358-8937-1C6B3D4BBCAB}.Debug|Any CPU.ActiveCfg = Debug|Any CPU
		{5BA37964-FF33-4358-8937-1C6B3D4BBCAB}.Debug|Any CPU.Build.0 = Debug|Any CPU
		{5BA37964-FF33-4358-8937-1C6B3D4BBCAB}.Release|Any CPU.ActiveCfg = Release|Any CPU
		{5BA37964-FF33-4358-8937-1C6B3D4BBCAB}.Release|Any CPU.Build.0 = Release|Any CPU
		{C73E622A-3B4F-4EAD-BC99-AB303E88B910}.Debug|Any CPU.ActiveCfg = Debug|Any CPU
		{C73E622A-3B4F-4EAD-BC99-AB303E88B910}.Debug|Any CPU.Build.0 = Debug|Any CPU
		{C73E622A-3B4F-4EAD-BC99-AB303E88B910}.Release|Any CPU.ActiveCfg = Release|Any CPU
		{C73E622A-3B4F-4EAD-BC99-AB303E88B910}.Release|Any CPU.Build.0 = Release|Any CPU
		{BA42782F-1699-4B84-ADDA-1D051AFF274B}.Debug|Any CPU.ActiveCfg = Debug|Any CPU
		{BA42782F-1699-4B84-ADDA-1D051AFF274B}.Debug|Any CPU.Build.0 = Debug|Any CPU
		{BA42782F-1699-4B84-ADDA-1D051AFF274B}.Release|Any CPU.ActiveCfg = Release|Any CPU
		{BA42782F-1699-4B84-ADDA-1D051AFF274B}.Release|Any CPU.Build.0 = Release|Any CPU
		{33E5D97E-2752-466A-A596-EF6486538F28}.Debug|Any CPU.ActiveCfg = Debug|Any CPU
		{33E5D97E-2752-466A-A596-EF6486538F28}.Debug|Any CPU.Build.0 = Debug|Any CPU
		{33E5D97E-2752-466A-A596-EF6486538F28}.Release|Any CPU.ActiveCfg = Release|Any CPU
		{33E5D97E-2752-466A-A596-EF6486538F28}.Release|Any CPU.Build.0 = Release|Any CPU
		{AC958C25-FBD7-49BF-A49F-6B94758E1281}.Debug|Any CPU.ActiveCfg = Debug|Any CPU
		{AC958C25-FBD7-49BF-A49F-6B94758E1281}.Debug|Any CPU.Build.0 = Debug|Any CPU
		{AC958C25-FBD7-49BF-A49F-6B94758E1281}.Release|Any CPU.ActiveCfg = Release|Any CPU
		{AC958C25-FBD7-49BF-A49F-6B94758E1281}.Release|Any CPU.Build.0 = Release|Any CPU
	EndGlobalSection
	GlobalSection(SolutionProperties) = preSolution
		HideSolutionNode = FALSE
	EndGlobalSection
	GlobalSection(ExtensibilityGlobals) = postSolution
		SolutionGuid = {B40783B0-77AB-4A98-A1CD-0BB918537E65}
	EndGlobalSection
EndGlobal
